// !$*UTF8*$!
{
	archiveVersion = 1;
	classes = {
	};
	objectVersion = 46;
	objects = {

/* Begin PBXBuildFile section */
		C53245CB1AC95DE000390D2B /* AppDelegate.swift in Sources */ = {isa = PBXBuildFile; fileRef = C53245CA1AC95DE000390D2B /* AppDelegate.swift */; };
		C53245CD1AC95DE000390D2B /* ViewController.swift in Sources */ = {isa = PBXBuildFile; fileRef = C53245CC1AC95DE000390D2B /* ViewController.swift */; };
		C53245D01AC95DE000390D2B /* Main.storyboard in Resources */ = {isa = PBXBuildFile; fileRef = C53245CE1AC95DE000390D2B /* Main.storyboard */; };
		C53245D21AC95DE000390D2B /* Images.xcassets in Resources */ = {isa = PBXBuildFile; fileRef = C53245D11AC95DE000390D2B /* Images.xcassets */; };
		C53245D51AC95DE000390D2B /* LaunchScreen.xib in Resources */ = {isa = PBXBuildFile; fileRef = C53245D31AC95DE000390D2B /* LaunchScreen.xib */; };
		C53245E11AC95DE100390D2B /* kidsvidsTests.swift in Sources */ = {isa = PBXBuildFile; fileRef = C53245E01AC95DE100390D2B /* kidsvidsTests.swift */; };
/* End PBXBuildFile section */

/* Begin PBXContainerItemProxy section */
		C53245DB1AC95DE000390D2B /* PBXContainerItemProxy */ = {
			isa = PBXContainerItemProxy;
			containerPortal = C53245BD1AC95DE000390D2B /* Project object */;
			proxyType = 1;
			remoteGlobalIDString = C53245C41AC95DE000390D2B;
			remoteInfo = kidsvids;
		};
/* End PBXContainerItemProxy section */

/* Begin PBXFileReference section */
		C53245C51AC95DE000390D2B /* kidsvids.app */ = {isa = PBXFileReference; explicitFileType = wrapper.application; includeInIndex = 0; path = kidsvids.app; sourceTree = BUILT_PRODUCTS_DIR; };
		C53245C91AC95DE000390D2B /* Info.plist */ = {isa = PBXFileReference; lastKnownFileType = text.plist.xml; path = Info.plist; sourceTree = "<group>"; };
		C53245CA1AC95DE000390D2B /* AppDelegate.swift */ = {isa = PBXFileReference; lastKnownFileType = sourcecode.swift; path = AppDelegate.swift; sourceTree = "<group>"; };
		C53245CC1AC95DE000390D2B /* ViewController.swift */ = {isa = PBXFileReference; lastKnownFileType = sourcecode.swift; path = ViewController.swift; sourceTree = "<group>"; };
		C53245CF1AC95DE000390D2B /* Base */ = {isa = PBXFileReference; lastKnownFileType = file.storyboard; name = Base; path = Base.lproj/Main.storyboard; sourceTree = "<group>"; };
		C53245D11AC95DE000390D2B /* Images.xcassets */ = {isa = PBXFileReference; lastKnownFileType = folder.assetcatalog; path = Images.xcassets; sourceTree = "<group>"; };
		C53245D41AC95DE000390D2B /* Base */ = {isa = PBXFileReference; lastKnownFileType = file.xib; name = Base; path = Base.lproj/LaunchScreen.xib; sourceTree = "<group>"; };
		C53245DA1AC95DE000390D2B /* kidsvidsTests.xctest */ = {isa = PBXFileReference; explicitFileType = wrapper.cfbundle; includeInIndex = 0; path = kidsvidsTests.xctest; sourceTree = BUILT_PRODUCTS_DIR; };
		C53245DF1AC95DE100390D2B /* Info.plist */ = {isa = PBXFileReference; lastKnownFileType = text.plist.xml; path = Info.plist; sourceTree = "<group>"; };
		C53245E01AC95DE100390D2B /* kidsvidsTests.swift */ = {isa = PBXFileReference; lastKnownFileType = sourcecode.swift; path = kidsvidsTests.swift; sourceTree = "<group>"; };
/* End PBXFileReference section */

/* Begin PBXFrameworksBuildPhase section */
		C53245C21AC95DE000390D2B /* Frameworks */ = {
			isa = PBXFrameworksBuildPhase;
			buildActionMask = 2147483647;
			files = (
			);
			runOnlyForDeploymentPostprocessing = 0;
		};
		C53245D71AC95DE000390D2B /* Frameworks */ = {
			isa = PBXFrameworksBuildPhase;
			buildActionMask = 2147483647;
			files = (
			);
			runOnlyForDeploymentPostprocessing = 0;
		};
/* End PBXFrameworksBuildPhase section */

/* Begin PBXGroup section */
		C53245BC1AC95DE000390D2B = {
			isa = PBXGroup;
			children = (
				C53245C71AC95DE000390D2B /* kidsvids */,
				C53245DD1AC95DE000390D2B /* kidsvidsTests */,
				C53245C61AC95DE000390D2B /* Products */,
			);
			sourceTree = "<group>";
		};
		C53245C61AC95DE000390D2B /* Products */ = {
			isa = PBXGroup;
			children = (
				C53245C51AC95DE000390D2B /* kidsvids.app */,
				C53245DA1AC95DE000390D2B /* kidsvidsTests.xctest */,
			);
			name = Products;
			sourceTree = "<group>";
		};
		C53245C71AC95DE000390D2B /* kidsvids */ = {
			isa = PBXGroup;
			children = (
				C53245CA1AC95DE000390D2B /* AppDelegate.swift */,
				C53245CC1AC95DE000390D2B /* ViewController.swift */,
				C53245CE1AC95DE000390D2B /* Main.storyboard */,
				C53245D11AC95DE000390D2B /* Images.xcassets */,
				C53245D31AC95DE000390D2B /* LaunchScreen.xib */,
				C53245C81AC95DE000390D2B /* Supporting Files */,
			);
			path = kidsvids;
			sourceTree = "<group>";
		};
		C53245C81AC95DE000390D2B /* Supporting Files */ = {
			isa = PBXGroup;
			children = (
				C53245C91AC95DE000390D2B /* Info.plist */,
			);
			name = "Supporting Files";
			sourceTree = "<group>";
		};
		C53245DD1AC95DE000390D2B /* kidsvidsTests */ = {
			isa = PBXGroup;
			children = (
				C53245E01AC95DE100390D2B /* kidsvidsTests.swift */,
				C53245DE1AC95DE100390D2B /* Supporting Files */,
			);
			path = kidsvidsTests;
			sourceTree = "<group>";
		};
		C53245DE1AC95DE100390D2B /* Supporting Files */ = {
			isa = PBXGroup;
			children = (
				C53245DF1AC95DE100390D2B /* Info.plist */,
			);
			name = "Supporting Files";
			sourceTree = "<group>";
		};
/* End PBXGroup section */

/* Begin PBXNativeTarget section */
		C53245C41AC95DE000390D2B /* kidsvids */ = {
			isa = PBXNativeTarget;
			buildConfigurationList = C53245E41AC95DE100390D2B /* Build configuration list for PBXNativeTarget "kidsvids" */;
			buildPhases = (
				C53245C11AC95DE000390D2B /* Sources */,
				C53245C21AC95DE000390D2B /* Frameworks */,
				C53245C31AC95DE000390D2B /* Resources */,
			);
			buildRules = (
			);
			dependencies = (
			);
			name = kidsvids;
			productName = kidsvids;
			productReference = C53245C51AC95DE000390D2B /* kidsvids.app */;
			productType = "com.apple.product-type.application";
		};
		C53245D91AC95DE000390D2B /* kidsvidsTests */ = {
			isa = PBXNativeTarget;
			buildConfigurationList = C53245E71AC95DE100390D2B /* Build configuration list for PBXNativeTarget "kidsvidsTests" */;
			buildPhases = (
				C53245D61AC95DE000390D2B /* Sources */,
				C53245D71AC95DE000390D2B /* Frameworks */,
				C53245D81AC95DE000390D2B /* Resources */,
			);
			buildRules = (
			);
			dependencies = (
				C53245DC1AC95DE000390D2B /* PBXTargetDependency */,
			);
			name = kidsvidsTests;
			productName = kidsvidsTests;
			productReference = C53245DA1AC95DE000390D2B /* kidsvidsTests.xctest */;
			productType = "com.apple.product-type.bundle.unit-test";
		};
/* End PBXNativeTarget section */

/* Begin PBXProject section */
		C53245BD1AC95DE000390D2B /* Project object */ = {
			isa = PBXProject;
			attributes = {
				LastUpgradeCheck = 0610;
				ORGANIZATIONNAME = "Azuki Apps";
				TargetAttributes = {
					C53245C41AC95DE000390D2B = {
						CreatedOnToolsVersion = 6.1.1;
					};
					C53245D91AC95DE000390D2B = {
						CreatedOnToolsVersion = 6.1.1;
						TestTargetID = C53245C41AC95DE000390D2B;
					};
				};
			};
			buildConfigurationList = C53245C01AC95DE000390D2B /* Build configuration list for PBXProject "kidsvids" */;
			compatibilityVersion = "Xcode 3.2";
			developmentRegion = English;
			hasScannedForEncodings = 0;
			knownRegions = (
				en,
				Base,
			);
			mainGroup = C53245BC1AC95DE000390D2B;
			productRefGroup = C53245C61AC95DE000390D2B /* Products */;
			projectDirPath = "";
			projectRoot = "";
			targets = (
				C53245C41AC95DE000390D2B /* kidsvids */,
				C53245D91AC95DE000390D2B /* kidsvidsTests */,
			);
		};
/* End PBXProject section */

/* Begin PBXResourcesBuildPhase section */
		C53245C31AC95DE000390D2B /* Resources */ = {
			isa = PBXResourcesBuildPhase;
			buildActionMask = 2147483647;
			files = (
				C53245D01AC95DE000390D2B /* Main.storyboard in Resources */,
				C53245D51AC95DE000390D2B /* LaunchScreen.xib in Resources */,
				C53245D21AC95DE000390D2B /* Images.xcassets in Resources */,
			);
			runOnlyForDeploymentPostprocessing = 0;
		};
		C53245D81AC95DE000390D2B /* Resources */ = {
			isa = PBXResourcesBuildPhase;
			buildActionMask = 2147483647;
			files = (
			);
			runOnlyForDeploymentPostprocessing = 0;
		};
/* End PBXResourcesBuildPhase section */

/* Begin PBXSourcesBuildPhase section */
		C53245C11AC95DE000390D2B /* Sources */ = {
			isa = PBXSourcesBuildPhase;
			buildActionMask = 2147483647;
			files = (
				C53245CD1AC95DE000390D2B /* ViewController.swift in Sources */,
				C53245CB1AC95DE000390D2B /* AppDelegate.swift in Sources */,
			);
			runOnlyForDeploymentPostprocessing = 0;
		};
		C53245D61AC95DE000390D2B /* Sources */ = {
			isa = PBXSourcesBuildPhase;
			buildActionMask = 2147483647;
			files = (
				C53245E11AC95DE100390D2B /* kidsvidsTests.swift in Sources */,
			);
			runOnlyForDeploymentPostprocessing = 0;
		};
/* End PBXSourcesBuildPhase section */

/* Begin PBXTargetDependency section */
		C53245DC1AC95DE000390D2B /* PBXTargetDependency */ = {
			isa = PBXTargetDependency;
			target = C53245C41AC95DE000390D2B /* kidsvids */;
			targetProxy = C53245DB1AC95DE000390D2B /* PBXContainerItemProxy */;
		};
/* End PBXTargetDependency section */

/* Begin PBXVariantGroup section */
		C53245CE1AC95DE000390D2B /* Main.storyboard */ = {
			isa = PBXVariantGroup;
			children = (
				C53245CF1AC95DE000390D2B /* Base */,
			);
			name = Main.storyboard;
			sourceTree = "<group>";
		};
		C53245D31AC95DE000390D2B /* LaunchScreen.xib */ = {
			isa = PBXVariantGroup;
			children = (
				C53245D41AC95DE000390D2B /* Base */,
			);
			name = LaunchScreen.xib;
			sourceTree = "<group>";
		};
/* End PBXVariantGroup section */

/* Begin XCBuildConfiguration section */
		C53245E21AC95DE100390D2B /* Debug */ = {
			isa = XCBuildConfiguration;
			buildSettings = {
				ALWAYS_SEARCH_USER_PATHS = NO;
				CLANG_CXX_LANGUAGE_STANDARD = "gnu++0x";
				CLANG_CXX_LIBRARY = "libc++";
				CLANG_ENABLE_MODULES = YES;
				CLANG_ENABLE_OBJC_ARC = YES;
				CLANG_WARN_BOOL_CONVERSION = YES;
				CLANG_WARN_CONSTANT_CONVERSION = YES;
				CLANG_WARN_DIRECT_OBJC_ISA_USAGE = YES_ERROR;
				CLANG_WARN_EMPTY_BODY = YES;
				CLANG_WARN_ENUM_CONVERSION = YES;
				CLANG_WARN_INT_CONVERSION = YES;
				CLANG_WARN_OBJC_ROOT_CLASS = YES_ERROR;
				CLANG_WARN_UNREACHABLE_CODE = YES;
				CLANG_WARN__DUPLICATE_METHOD_MATCH = YES;
				"CODE_SIGN_IDENTITY[sdk=iphoneos*]" = "iPhone Developer";
				COPY_PHASE_STRIP = NO;
				ENABLE_STRICT_OBJC_MSGSEND = YES;
				GCC_C_LANGUAGE_STANDARD = gnu99;
				GCC_DYNAMIC_NO_PIC = NO;
				GCC_OPTIMIZATION_LEVEL = 0;
				GCC_PREPROCESSOR_DEFINITIONS = (
					"DEBUG=1",
					"$(inherited)",
				);
				GCC_SYMBOLS_PRIVATE_EXTERN = NO;
				GCC_WARN_64_TO_32_BIT_CONVERSION = YES;
				GCC_WARN_ABOUT_RETURN_TYPE = YES_ERROR;
				GCC_WARN_UNDECLARED_SELECTOR = YES;
				GCC_WARN_UNINITIALIZED_AUTOS = YES_AGGRESSIVE;
				GCC_WARN_UNUSED_FUNCTION = YES;
				GCC_WARN_UNUSED_VARIABLE = YES;
				IPHONEOS_DEPLOYMENT_TARGET = 8.1;
				MTL_ENABLE_DEBUG_INFO = YES;
				ONLY_ACTIVE_ARCH = YES;
				SDKROOT = iphoneos;
				SWIFT_OPTIMIZATION_LEVEL = "-Onone";
				TARGETED_DEVICE_FAMILY = "1,2";
			};
			name = Debug;
		};
		C53245E31AC95DE100390D2B /* Release */ = {
			isa = XCBuildConfiguration;
			buildSettings = {
				ALWAYS_SEARCH_USER_PATHS = NO;
				CLANG_CXX_LANGUAGE_STANDARD = "gnu++0x";
				CLANG_CXX_LIBRARY = "libc++";
				CLANG_ENABLE_MODULES = YES;
				CLANG_ENABLE_OBJC_ARC = YES;
				CLANG_WARN_BOOL_CONVERSION = YES;
				CLANG_WARN_CONSTANT_CONVERSION = YES;
				CLANG_WARN_DIRECT_OBJC_ISA_USAGE = YES_ERROR;
				CLANG_WARN_EMPTY_BODY = YES;
				CLANG_WARN_ENUM_CONVERSION = YES;
				CLANG_WARN_INT_CONVERSION = YES;
				CLANG_WARN_OBJC_ROOT_CLASS = YES_ERROR;
				CLANG_WARN_UNREACHABLE_CODE = YES;
				CLANG_WARN__DUPLICATE_METHOD_MATCH = YES;
				"CODE_SIGN_IDENTITY[sdk=iphoneos*]" = "iPhone Developer";
				COPY_PHASE_STRIP = YES;
				ENABLE_NS_ASSERTIONS = NO;
				ENABLE_STRICT_OBJC_MSGSEND = YES;
				GCC_C_LANGUAGE_STANDARD = gnu99;
				GCC_WARN_64_TO_32_BIT_CONVERSION = YES;
				GCC_WARN_ABOUT_RETURN_TYPE = YES_ERROR;
				GCC_WARN_UNDECLARED_SELECTOR = YES;
				GCC_WARN_UNINITIALIZED_AUTOS = YES_AGGRESSIVE;
				GCC_WARN_UNUSED_FUNCTION = YES;
				GCC_WARN_UNUSED_VARIABLE = YES;
				IPHONEOS_DEPLOYMENT_TARGET = 8.1;
				MTL_ENABLE_DEBUG_INFO = NO;
				SDKROOT = iphoneos;
				TARGETED_DEVICE_FAMILY = "1,2";
				VALIDATE_PRODUCT = YES;
			};
			name = Release;
		};
		C53245E51AC95DE100390D2B /* Debug */ = {
			isa = XCBuildConfiguration;
			buildSettings = {
				ASSETCATALOG_COMPILER_APPICON_NAME = AppIcon;
				INFOPLIST_FILE = kidsvids/Info.plist;
				LD_RUNPATH_SEARCH_PATHS = "$(inherited) @executable_path/Frameworks";
				PRODUCT_NAME = "$(TARGET_NAME)";
			};
			name = Debug;
		};
		C53245E61AC95DE100390D2B /* Release */ = {
			isa = XCBuildConfiguration;
			buildSettings = {
				ASSETCATALOG_COMPILER_APPICON_NAME = AppIcon;
				INFOPLIST_FILE = kidsvids/Info.plist;
				LD_RUNPATH_SEARCH_PATHS = "$(inherited) @executable_path/Frameworks";
				PRODUCT_NAME = "$(TARGET_NAME)";
			};
			name = Release;
		};
		C53245E81AC95DE100390D2B /* Debug */ = {
			isa = XCBuildConfiguration;
			buildSettings = {
				BUNDLE_LOADER = "$(TEST_HOST)";
				FRAMEWORK_SEARCH_PATHS = (
					"$(SDKROOT)/Developer/Library/Frameworks",
					"$(inherited)",
				);
				GCC_PREPROCESSOR_DEFINITIONS = (
					"DEBUG=1",
					"$(inherited)",
				);
				INFOPLIST_FILE = kidsvidsTests/Info.plist;
				LD_RUNPATH_SEARCH_PATHS = "$(inherited) @executable_path/Frameworks @loader_path/Frameworks";
				PRODUCT_NAME = "$(TARGET_NAME)";
				TEST_HOST = "$(BUILT_PRODUCTS_DIR)/kidsvids.app/kidsvids";
			};
			name = Debug;
		};
		C53245E91AC95DE100390D2B /* Release */ = {
			isa = XCBuildConfiguration;
			buildSettings = {
				BUNDLE_LOADER = "$(TEST_HOST)";
				FRAMEWORK_SEARCH_PATHS = (
					"$(SDKROOT)/Developer/Library/Frameworks",
					"$(inherited)",
				);
				INFOPLIST_FILE = kidsvidsTests/Info.plist;
				LD_RUNPATH_SEARCH_PATHS = "$(inherited) @executable_path/Frameworks @loader_path/Frameworks";
				PRODUCT_NAME = "$(TARGET_NAME)";
				TEST_HOST = "$(BUILT_PRODUCTS_DIR)/kidsvids.app/kidsvids";
			};
			name = Release;
		};
/* End XCBuildConfiguration section */

/* Begin XCConfigurationList section */
		C53245C01AC95DE000390D2B /* Build configuration list for PBXProject "kidsvids" */ = {
			isa = XCConfigurationList;
			buildConfigurations = (
				C53245E21AC95DE100390D2B /* Debug */,
				C53245E31AC95DE100390D2B /* Release */,
			);
			defaultConfigurationIsVisible = 0;
			defaultConfigurationName = Release;
		};
		C53245E41AC95DE100390D2B /* Build configuration list for PBXNativeTarget "kidsvids" */ = {
			isa = XCConfigurationList;
			buildConfigurations = (
				C53245E51AC95DE100390D2B /* Debug */,
				C53245E61AC95DE100390D2B /* Release */,
			);
			defaultConfigurationIsVisible = 0;
		};
		C53245E71AC95DE100390D2B /* Build configuration list for PBXNativeTarget "kidsvidsTests" */ = {
			isa = XCConfigurationList;
			buildConfigurations = (
				C53245E81AC95DE100390D2B /* Debug */,
				C53245E91AC95DE100390D2B /* Release */,
			);
			defaultConfigurationIsVisible = 0;
		};
/* End XCConfigurationList section */
	};
	rootObject = C53245BD1AC95DE000390D2B /* Project object */;
}
