// !$*UTF8*$!
{
	archiveVersion = 1;
	classes = {
	};
	objectVersion = 46;
	objects = {

/* Begin PBXBuildFile section */
		C53245CB1AC95DE000390D2B /* AppDelegate.swift in Sources */ = {isa = PBXBuildFile; fileRef = C53245CA1AC95DE000390D2B /* AppDelegate.swift */; };
		C53245D21AC95DE000390D2B /* Images.xcassets in Resources */ = {isa = PBXBuildFile; fileRef = C53245D11AC95DE000390D2B /* Images.xcassets */; };
		C53245D51AC95DE000390D2B /* LaunchScreen.xib in Resources */ = {isa = PBXBuildFile; fileRef = C53245D31AC95DE000390D2B /* LaunchScreen.xib */; };
		C53245E11AC95DE100390D2B /* kidsvidsTests.swift in Sources */ = {isa = PBXBuildFile; fileRef = C53245E01AC95DE100390D2B /* kidsvidsTests.swift */; };
		C5A682E11AC96CBE00F8E347 /* GridCollectionViewController.swift in Sources */ = {isa = PBXBuildFile; fileRef = C5A682E01AC96CBE00F8E347 /* GridCollectionViewController.swift */; };
		C5A682E31AC96CE400F8E347 /* Playlist.swift in Sources */ = {isa = PBXBuildFile; fileRef = C5A682E21AC96CE400F8E347 /* Playlist.swift */; };
		C5A682E61AC96E2D00F8E347 /* PlaylistCollection.swift in Sources */ = {isa = PBXBuildFile; fileRef = C5A682E51AC96E2D00F8E347 /* PlaylistCollection.swift */; };
		C5A682E81AC96F3800F8E347 /* NetworkImporter.swift in Sources */ = {isa = PBXBuildFile; fileRef = C5A682E71AC96F3800F8E347 /* NetworkImporter.swift */; };
		C5A682F01AC9825500F8E347 /* VideoPhotoCell.swift in Sources */ = {isa = PBXBuildFile; fileRef = C5A682EF1AC9825500F8E347 /* VideoPhotoCell.swift */; };
		C5A682F21AC99F1B00F8E347 /* PlayerViewController.swift in Sources */ = {isa = PBXBuildFile; fileRef = C5A682F11AC99F1B00F8E347 /* PlayerViewController.swift */; };
		C5A682F51AC9E31A00F8E347 /* SettingsLoadBar.swift in Sources */ = {isa = PBXBuildFile; fileRef = C5A682F41AC9E31A00F8E347 /* SettingsLoadBar.swift */; };
		C5A682F71AC9F1FC00F8E347 /* SettingsViewController.swift in Sources */ = {isa = PBXBuildFile; fileRef = C5A682F61AC9F1FC00F8E347 /* SettingsViewController.swift */; };
		C5A682F91ACB007D00F8E347 /* PlaylistTableViewController.swift in Sources */ = {isa = PBXBuildFile; fileRef = C5A682F81ACB007D00F8E347 /* PlaylistTableViewController.swift */; };
		C5A682FB1ACC1EF300F8E347 /* PlaylistTableViewCell.swift in Sources */ = {isa = PBXBuildFile; fileRef = C5A682FA1ACC1EF300F8E347 /* PlaylistTableViewCell.swift */; };
		C5A682FD1ACC2B9D00F8E347 /* PlaylistDetailsViewController.swift in Sources */ = {isa = PBXBuildFile; fileRef = C5A682FC1ACC2B9D00F8E347 /* PlaylistDetailsViewController.swift */; };
		F06E498AC9C89EBBBF1A2320 /* Pods.framework in Frameworks */ = {isa = PBXBuildFile; fileRef = 307F433F85436DCFCCA90279 /* Pods.framework */; settings = {ATTRIBUTES = (Weak, ); }; };
/* End PBXBuildFile section */

/* Begin PBXContainerItemProxy section */
		C53245DB1AC95DE000390D2B /* PBXContainerItemProxy */ = {
			isa = PBXContainerItemProxy;
			containerPortal = C53245BD1AC95DE000390D2B /* Project object */;
			proxyType = 1;
			remoteGlobalIDString = C53245C41AC95DE000390D2B;
			remoteInfo = kidsvids;
		};
/* End PBXContainerItemProxy section */

/* Begin PBXFileReference section */
		2B9808C17866B8DA5EA1E5BB /* Pods.debug.xcconfig */ = {isa = PBXFileReference; includeInIndex = 1; lastKnownFileType = text.xcconfig; name = Pods.debug.xcconfig; path = "Pods/Target Support Files/Pods/Pods.debug.xcconfig"; sourceTree = "<group>"; };
		307F433F85436DCFCCA90279 /* Pods.framework */ = {isa = PBXFileReference; explicitFileType = wrapper.framework; includeInIndex = 0; path = Pods.framework; sourceTree = BUILT_PRODUCTS_DIR; };
		7ECD9BA60AD16F692717872B /* Pods.release.xcconfig */ = {isa = PBXFileReference; includeInIndex = 1; lastKnownFileType = text.xcconfig; name = Pods.release.xcconfig; path = "Pods/Target Support Files/Pods/Pods.release.xcconfig"; sourceTree = "<group>"; };
		C53245C51AC95DE000390D2B /* kidsvids.app */ = {isa = PBXFileReference; explicitFileType = wrapper.application; includeInIndex = 0; path = kidsvids.app; sourceTree = BUILT_PRODUCTS_DIR; };
		C53245C91AC95DE000390D2B /* Info.plist */ = {isa = PBXFileReference; lastKnownFileType = text.plist.xml; path = Info.plist; sourceTree = "<group>"; };
		C53245CA1AC95DE000390D2B /* AppDelegate.swift */ = {isa = PBXFileReference; lastKnownFileType = sourcecode.swift; path = AppDelegate.swift; sourceTree = "<group>"; };
		C53245D11AC95DE000390D2B /* Images.xcassets */ = {isa = PBXFileReference; lastKnownFileType = folder.assetcatalog; path = Images.xcassets; sourceTree = "<group>"; };
		C53245D41AC95DE000390D2B /* Base */ = {isa = PBXFileReference; lastKnownFileType = file.xib; name = Base; path = Base.lproj/LaunchScreen.xib; sourceTree = "<group>"; };
		C53245DA1AC95DE000390D2B /* kidsvidsTests.xctest */ = {isa = PBXFileReference; explicitFileType = wrapper.cfbundle; includeInIndex = 0; path = kidsvidsTests.xctest; sourceTree = BUILT_PRODUCTS_DIR; };
		C53245DF1AC95DE100390D2B /* Info.plist */ = {isa = PBXFileReference; lastKnownFileType = text.plist.xml; path = Info.plist; sourceTree = "<group>"; };
		C53245E01AC95DE100390D2B /* kidsvidsTests.swift */ = {isa = PBXFileReference; lastKnownFileType = sourcecode.swift; path = kidsvidsTests.swift; sourceTree = "<group>"; };
		C5A682E01AC96CBE00F8E347 /* GridCollectionViewController.swift */ = {isa = PBXFileReference; fileEncoding = 4; lastKnownFileType = sourcecode.swift; path = GridCollectionViewController.swift; sourceTree = "<group>"; };
		C5A682E21AC96CE400F8E347 /* Playlist.swift */ = {isa = PBXFileReference; fileEncoding = 4; lastKnownFileType = sourcecode.swift; path = Playlist.swift; sourceTree = "<group>"; };
		C5A682E51AC96E2D00F8E347 /* PlaylistCollection.swift */ = {isa = PBXFileReference; fileEncoding = 4; lastKnownFileType = sourcecode.swift; path = PlaylistCollection.swift; sourceTree = "<group>"; };
		C5A682E71AC96F3800F8E347 /* NetworkImporter.swift */ = {isa = PBXFileReference; fileEncoding = 4; lastKnownFileType = sourcecode.swift; path = NetworkImporter.swift; sourceTree = "<group>"; };
		C5A682EF1AC9825500F8E347 /* VideoPhotoCell.swift */ = {isa = PBXFileReference; fileEncoding = 4; lastKnownFileType = sourcecode.swift; path = VideoPhotoCell.swift; sourceTree = "<group>"; };
		C5A682F11AC99F1B00F8E347 /* PlayerViewController.swift */ = {isa = PBXFileReference; fileEncoding = 4; lastKnownFileType = sourcecode.swift; path = PlayerViewController.swift; sourceTree = "<group>"; };
		C5A682F31AC9B27600F8E347 /* bridge.h */ = {isa = PBXFileReference; fileEncoding = 4; lastKnownFileType = sourcecode.c.h; name = bridge.h; path = kidsvids/bridge.h; sourceTree = "<group>"; };
		C5A682F41AC9E31A00F8E347 /* SettingsLoadBar.swift */ = {isa = PBXFileReference; fileEncoding = 4; lastKnownFileType = sourcecode.swift; path = SettingsLoadBar.swift; sourceTree = "<group>"; };
		C5A682F61AC9F1FC00F8E347 /* SettingsViewController.swift */ = {isa = PBXFileReference; fileEncoding = 4; lastKnownFileType = sourcecode.swift; path = SettingsViewController.swift; sourceTree = "<group>"; };
		C5A682F81ACB007D00F8E347 /* PlaylistTableViewController.swift */ = {isa = PBXFileReference; fileEncoding = 4; lastKnownFileType = sourcecode.swift; path = PlaylistTableViewController.swift; sourceTree = "<group>"; };
		C5A682FA1ACC1EF300F8E347 /* PlaylistTableViewCell.swift */ = {isa = PBXFileReference; fileEncoding = 4; lastKnownFileType = sourcecode.swift; path = PlaylistTableViewCell.swift; sourceTree = "<group>"; };
		C5A682FC1ACC2B9D00F8E347 /* PlaylistDetailsViewController.swift */ = {isa = PBXFileReference; fileEncoding = 4; lastKnownFileType = sourcecode.swift; path = PlaylistDetailsViewController.swift; sourceTree = "<group>"; };
/* End PBXFileReference section */

/* Begin PBXFrameworksBuildPhase section */
		C53245C21AC95DE000390D2B /* Frameworks */ = {
			isa = PBXFrameworksBuildPhase;
			buildActionMask = 2147483647;
			files = (
				F06E498AC9C89EBBBF1A2320 /* Pods.framework in Frameworks */,
			);
			runOnlyForDeploymentPostprocessing = 0;
		};
		C53245D71AC95DE000390D2B /* Frameworks */ = {
			isa = PBXFrameworksBuildPhase;
			buildActionMask = 2147483647;
			files = (
			);
			runOnlyForDeploymentPostprocessing = 0;
		};
/* End PBXFrameworksBuildPhase section */

/* Begin PBXGroup section */
		8DA1C9B4E435EC04005EE16A /* Frameworks */ = {
			isa = PBXGroup;
			children = (
				307F433F85436DCFCCA90279 /* Pods.framework */,
			);
			name = Frameworks;
			sourceTree = "<group>";
		};
		C53245BC1AC95DE000390D2B = {
			isa = PBXGroup;
			children = (
				C5A682F31AC9B27600F8E347 /* bridge.h */,
				C53245C71AC95DE000390D2B /* kidsvids */,
				C53245DD1AC95DE000390D2B /* kidsvidsTests */,
				C53245C61AC95DE000390D2B /* Products */,
				C578952C0B223D53689E6FBD /* Pods */,
				8DA1C9B4E435EC04005EE16A /* Frameworks */,
			);
			sourceTree = "<group>";
		};
		C53245C61AC95DE000390D2B /* Products */ = {
			isa = PBXGroup;
			children = (
				C53245C51AC95DE000390D2B /* kidsvids.app */,
				C53245DA1AC95DE000390D2B /* kidsvidsTests.xctest */,
			);
			name = Products;
			sourceTree = "<group>";
		};
		C53245C71AC95DE000390D2B /* kidsvids */ = {
			isa = PBXGroup;
			children = (
				C5A682EC1AC96F5400F8E347 /* Services */,
				C5A682EB1AC96F4D00F8E347 /* Controllers */,
				C5A682EA1AC96F4800F8E347 /* Views */,
				C5A682E91AC96F4200F8E347 /* Models */,
				C53245CA1AC95DE000390D2B /* AppDelegate.swift */,
				C53245D11AC95DE000390D2B /* Images.xcassets */,
				C53245D31AC95DE000390D2B /* LaunchScreen.xib */,
				C53245C81AC95DE000390D2B /* Supporting Files */,
			);
			path = kidsvids;
			sourceTree = "<group>";
		};
		C53245C81AC95DE000390D2B /* Supporting Files */ = {
			isa = PBXGroup;
			children = (
				C53245C91AC95DE000390D2B /* Info.plist */,
			);
			name = "Supporting Files";
			sourceTree = "<group>";
		};
		C53245DD1AC95DE000390D2B /* kidsvidsTests */ = {
			isa = PBXGroup;
			children = (
				C53245E01AC95DE100390D2B /* kidsvidsTests.swift */,
				C53245DE1AC95DE100390D2B /* Supporting Files */,
			);
			path = kidsvidsTests;
			sourceTree = "<group>";
		};
		C53245DE1AC95DE100390D2B /* Supporting Files */ = {
			isa = PBXGroup;
			children = (
				C53245DF1AC95DE100390D2B /* Info.plist */,
			);
			name = "Supporting Files";
			sourceTree = "<group>";
		};
		C578952C0B223D53689E6FBD /* Pods */ = {
			isa = PBXGroup;
			children = (
				2B9808C17866B8DA5EA1E5BB /* Pods.debug.xcconfig */,
				7ECD9BA60AD16F692717872B /* Pods.release.xcconfig */,
			);
			name = Pods;
			sourceTree = "<group>";
		};
		C5A682E91AC96F4200F8E347 /* Models */ = {
			isa = PBXGroup;
			children = (
				C5A682E51AC96E2D00F8E347 /* PlaylistCollection.swift */,
				C5A682E21AC96CE400F8E347 /* Playlist.swift */,
			);
			name = Models;
			sourceTree = "<group>";
		};
		C5A682EA1AC96F4800F8E347 /* Views */ = {
			isa = PBXGroup;
			children = (
				C5A682F41AC9E31A00F8E347 /* SettingsLoadBar.swift */,
				C5A682EF1AC9825500F8E347 /* VideoPhotoCell.swift */,
				C5A682FA1ACC1EF300F8E347 /* PlaylistTableViewCell.swift */,
			);
			name = Views;
			sourceTree = "<group>";
		};
		C5A682EB1AC96F4D00F8E347 /* Controllers */ = {
			isa = PBXGroup;
			children = (
				C5A682F81ACB007D00F8E347 /* PlaylistTableViewController.swift */,
				C5A682FC1ACC2B9D00F8E347 /* PlaylistDetailsViewController.swift */,
				C5A682E01AC96CBE00F8E347 /* GridCollectionViewController.swift */,
				C5A682F61AC9F1FC00F8E347 /* SettingsViewController.swift */,
				C5A682F11AC99F1B00F8E347 /* PlayerViewController.swift */,
			);
			name = Controllers;
			sourceTree = "<group>";
		};
		C5A682EC1AC96F5400F8E347 /* Services */ = {
			isa = PBXGroup;
			children = (
				C5A682E71AC96F3800F8E347 /* NetworkImporter.swift */,
			);
			name = Services;
			sourceTree = "<group>";
		};
/* End PBXGroup section */

/* Begin PBXNativeTarget section */
		C53245C41AC95DE000390D2B /* kidsvids */ = {
			isa = PBXNativeTarget;
			buildConfigurationList = C53245E41AC95DE100390D2B /* Build configuration list for PBXNativeTarget "kidsvids" */;
			buildPhases = (
				1FF31592BBF43FACDDB690D1 /* Check Pods Manifest.lock */,
				C53245C11AC95DE000390D2B /* Sources */,
				C53245C21AC95DE000390D2B /* Frameworks */,
				C53245C31AC95DE000390D2B /* Resources */,
				C02DFEC5049F1A61908C3673 /* Embed Pods Frameworks */,
				A0ED987B50D410E40D33DF6E /* Copy Pods Resources */,
			);
			buildRules = (
			);
			dependencies = (
			);
			name = kidsvids;
			productName = kidsvids;
			productReference = C53245C51AC95DE000390D2B /* kidsvids.app */;
			productType = "com.apple.product-type.application";
		};
		C53245D91AC95DE000390D2B /* kidsvidsTests */ = {
			isa = PBXNativeTarget;
			buildConfigurationList = C53245E71AC95DE100390D2B /* Build configuration list for PBXNativeTarget "kidsvidsTests" */;
			buildPhases = (
				C53245D61AC95DE000390D2B /* Sources */,
				C53245D71AC95DE000390D2B /* Frameworks */,
				C53245D81AC95DE000390D2B /* Resources */,
			);
			buildRules = (
			);
			dependencies = (
				C53245DC1AC95DE000390D2B /* PBXTargetDependency */,
			);
			name = kidsvidsTests;
			productName = kidsvidsTests;
			productReference = C53245DA1AC95DE000390D2B /* kidsvidsTests.xctest */;
			productType = "com.apple.product-type.bundle.unit-test";
		};
/* End PBXNativeTarget section */

/* Begin PBXProject section */
		C53245BD1AC95DE000390D2B /* Project object */ = {
			isa = PBXProject;
			attributes = {
				LastUpgradeCheck = 0610;
				ORGANIZATIONNAME = "Azuki Apps";
				TargetAttributes = {
					C53245C41AC95DE000390D2B = {
						CreatedOnToolsVersion = 6.1.1;
						DevelopmentTeam = N5W9PYQ4U5;
					};
					C53245D91AC95DE000390D2B = {
						CreatedOnToolsVersion = 6.1.1;
						TestTargetID = C53245C41AC95DE000390D2B;
					};
				};
			};
			buildConfigurationList = C53245C01AC95DE000390D2B /* Build configuration list for PBXProject "kidsvids" */;
			compatibilityVersion = "Xcode 3.2";
			developmentRegion = English;
			hasScannedForEncodings = 0;
			knownRegions = (
				en,
				Base,
			);
			mainGroup = C53245BC1AC95DE000390D2B;
			productRefGroup = C53245C61AC95DE000390D2B /* Products */;
			projectDirPath = "";
			projectRoot = "";
			targets = (
				C53245C41AC95DE000390D2B /* kidsvids */,
				C53245D91AC95DE000390D2B /* kidsvidsTests */,
			);
		};
/* End PBXProject section */

/* Begin PBXResourcesBuildPhase section */
		C53245C31AC95DE000390D2B /* Resources */ = {
			isa = PBXResourcesBuildPhase;
			buildActionMask = 2147483647;
			files = (
				C53245D51AC95DE000390D2B /* LaunchScreen.xib in Resources */,
				C53245D21AC95DE000390D2B /* Images.xcassets in Resources */,
			);
			runOnlyForDeploymentPostprocessing = 0;
		};
		C53245D81AC95DE000390D2B /* Resources */ = {
			isa = PBXResourcesBuildPhase;
			buildActionMask = 2147483647;
			files = (
			);
			runOnlyForDeploymentPostprocessing = 0;
		};
/* End PBXResourcesBuildPhase section */

/* Begin PBXShellScriptBuildPhase section */
		1FF31592BBF43FACDDB690D1 /* Check Pods Manifest.lock */ = {
			isa = PBXShellScriptBuildPhase;
			buildActionMask = 2147483647;
			files = (
			);
			inputPaths = (
			);
			name = "Check Pods Manifest.lock";
			outputPaths = (
			);
			runOnlyForDeploymentPostprocessing = 0;
			shellPath = /bin/sh;
			shellScript = "diff \"${PODS_ROOT}/../Podfile.lock\" \"${PODS_ROOT}/Manifest.lock\" > /dev/null\nif [[ $? != 0 ]] ; then\n    cat << EOM\nerror: The sandbox is not in sync with the Podfile.lock. Run 'pod install' or update your CocoaPods installation.\nEOM\n    exit 1\nfi\n";
			showEnvVarsInLog = 0;
		};
		A0ED987B50D410E40D33DF6E /* Copy Pods Resources */ = {
			isa = PBXShellScriptBuildPhase;
			buildActionMask = 2147483647;
			files = (
			);
			inputPaths = (
			);
			name = "Copy Pods Resources";
			outputPaths = (
			);
			runOnlyForDeploymentPostprocessing = 0;
			shellPath = /bin/sh;
			shellScript = "\"${SRCROOT}/Pods/Target Support Files/Pods/Pods-resources.sh\"\n";
			showEnvVarsInLog = 0;
		};
		C02DFEC5049F1A61908C3673 /* Embed Pods Frameworks */ = {
			isa = PBXShellScriptBuildPhase;
			buildActionMask = 2147483647;
			files = (
			);
			inputPaths = (
			);
			name = "Embed Pods Frameworks";
			outputPaths = (
			);
			runOnlyForDeploymentPostprocessing = 0;
			shellPath = /bin/sh;
			shellScript = "\"${SRCROOT}/Pods/Target Support Files/Pods/Pods-frameworks.sh\"\n";
			showEnvVarsInLog = 0;
		};
/* End PBXShellScriptBuildPhase section */

/* Begin PBXSourcesBuildPhase section */
		C53245C11AC95DE000390D2B /* Sources */ = {
			isa = PBXSourcesBuildPhase;
			buildActionMask = 2147483647;
			files = (
				C5A682FD1ACC2B9D00F8E347 /* PlaylistDetailsViewController.swift in Sources */,
				C5A682F21AC99F1B00F8E347 /* PlayerViewController.swift in Sources */,
				C5A682E11AC96CBE00F8E347 /* GridCollectionViewController.swift in Sources */,
				C5A682F71AC9F1FC00F8E347 /* SettingsViewController.swift in Sources */,
				C5A682F01AC9825500F8E347 /* VideoPhotoCell.swift in Sources */,
				C5A682E81AC96F3800F8E347 /* NetworkImporter.swift in Sources */,
				C5A682F91ACB007D00F8E347 /* PlaylistTableViewController.swift in Sources */,
				C5A682F51AC9E31A00F8E347 /* SettingsLoadBar.swift in Sources */,
				C5A682E61AC96E2D00F8E347 /* PlaylistCollection.swift in Sources */,
				C53245CB1AC95DE000390D2B /* AppDelegate.swift in Sources */,
				C5A682E31AC96CE400F8E347 /* Playlist.swift in Sources */,
				C5A682FB1ACC1EF300F8E347 /* PlaylistTableViewCell.swift in Sources */,
			);
			runOnlyForDeploymentPostprocessing = 0;
		};
		C53245D61AC95DE000390D2B /* Sources */ = {
			isa = PBXSourcesBuildPhase;
			buildActionMask = 2147483647;
			files = (
				C53245E11AC95DE100390D2B /* kidsvidsTests.swift in Sources */,
			);
			runOnlyForDeploymentPostprocessing = 0;
		};
/* End PBXSourcesBuildPhase section */

/* Begin PBXTargetDependency section */
		C53245DC1AC95DE000390D2B /* PBXTargetDependency */ = {
			isa = PBXTargetDependency;
			target = C53245C41AC95DE000390D2B /* kidsvids */;
			targetProxy = C53245DB1AC95DE000390D2B /* PBXContainerItemProxy */;
		};
/* End PBXTargetDependency section */

/* Begin PBXVariantGroup section */
		C53245D31AC95DE000390D2B /* LaunchScreen.xib */ = {
			isa = PBXVariantGroup;
			children = (
				C53245D41AC95DE000390D2B /* Base */,
			);
			name = LaunchScreen.xib;
			sourceTree = "<group>";
		};
/* End PBXVariantGroup section */

/* Begin XCBuildConfiguration section */
		C53245E21AC95DE100390D2B /* Debug */ = {
			isa = XCBuildConfiguration;
			buildSettings = {
				ALWAYS_SEARCH_USER_PATHS = NO;
				CLANG_CXX_LANGUAGE_STANDARD = "gnu++0x";
				CLANG_CXX_LIBRARY = "libc++";
				CLANG_ENABLE_MODULES = YES;
				CLANG_ENABLE_OBJC_ARC = YES;
				CLANG_WARN_BOOL_CONVERSION = YES;
				CLANG_WARN_CONSTANT_CONVERSION = YES;
				CLANG_WARN_DIRECT_OBJC_ISA_USAGE = YES_ERROR;
				CLANG_WARN_EMPTY_BODY = YES;
				CLANG_WARN_ENUM_CONVERSION = YES;
				CLANG_WARN_INT_CONVERSION = YES;
				CLANG_WARN_OBJC_ROOT_CLASS = YES_ERROR;
				CLANG_WARN_UNREACHABLE_CODE = YES;
				CLANG_WARN__DUPLICATE_METHOD_MATCH = YES;
				"CODE_SIGN_IDENTITY[sdk=iphoneos*]" = "iPhone Developer";
				COPY_PHASE_STRIP = NO;
				ENABLE_STRICT_OBJC_MSGSEND = YES;
				GCC_C_LANGUAGE_STANDARD = gnu99;
				GCC_DYNAMIC_NO_PIC = NO;
				GCC_OPTIMIZATION_LEVEL = 0;
				GCC_PREPROCESSOR_DEFINITIONS = (
					"DEBUG=1",
					"$(inherited)",
				);
				GCC_SYMBOLS_PRIVATE_EXTERN = NO;
				GCC_WARN_64_TO_32_BIT_CONVERSION = YES;
				GCC_WARN_ABOUT_RETURN_TYPE = YES_ERROR;
				GCC_WARN_UNDECLARED_SELECTOR = YES;
				GCC_WARN_UNINITIALIZED_AUTOS = YES_AGGRESSIVE;
				GCC_WARN_UNUSED_FUNCTION = YES;
				GCC_WARN_UNUSED_VARIABLE = YES;
				IPHONEOS_DEPLOYMENT_TARGET = 8.1;
				MTL_ENABLE_DEBUG_INFO = YES;
				ONLY_ACTIVE_ARCH = YES;
				SDKROOT = iphoneos;
				SWIFT_OPTIMIZATION_LEVEL = "-Onone";
				TARGETED_DEVICE_FAMILY = "1,2";
			};
			name = Debug;
		};
		C53245E31AC95DE100390D2B /* Release */ = {
			isa = XCBuildConfiguration;
			buildSettings = {
				ALWAYS_SEARCH_USER_PATHS = NO;
				CLANG_CXX_LANGUAGE_STANDARD = "gnu++0x";
				CLANG_CXX_LIBRARY = "libc++";
				CLANG_ENABLE_MODULES = YES;
				CLANG_ENABLE_OBJC_ARC = YES;
				CLANG_WARN_BOOL_CONVERSION = YES;
				CLANG_WARN_CONSTANT_CONVERSION = YES;
				CLANG_WARN_DIRECT_OBJC_ISA_USAGE = YES_ERROR;
				CLANG_WARN_EMPTY_BODY = YES;
				CLANG_WARN_ENUM_CONVERSION = YES;
				CLANG_WARN_INT_CONVERSION = YES;
				CLANG_WARN_OBJC_ROOT_CLASS = YES_ERROR;
				CLANG_WARN_UNREACHABLE_CODE = YES;
				CLANG_WARN__DUPLICATE_METHOD_MATCH = YES;
				"CODE_SIGN_IDENTITY[sdk=iphoneos*]" = "iPhone Developer";
				COPY_PHASE_STRIP = YES;
				ENABLE_NS_ASSERTIONS = NO;
				ENABLE_STRICT_OBJC_MSGSEND = YES;
				GCC_C_LANGUAGE_STANDARD = gnu99;
				GCC_WARN_64_TO_32_BIT_CONVERSION = YES;
				GCC_WARN_ABOUT_RETURN_TYPE = YES_ERROR;
				GCC_WARN_UNDECLARED_SELECTOR = YES;
				GCC_WARN_UNINITIALIZED_AUTOS = YES_AGGRESSIVE;
				GCC_WARN_UNUSED_FUNCTION = YES;
				GCC_WARN_UNUSED_VARIABLE = YES;
				IPHONEOS_DEPLOYMENT_TARGET = 8.1;
				MTL_ENABLE_DEBUG_INFO = NO;
				SDKROOT = iphoneos;
				TARGETED_DEVICE_FAMILY = "1,2";
				VALIDATE_PRODUCT = YES;
			};
			name = Release;
		};
		C53245E51AC95DE100390D2B /* Debug */ = {
			isa = XCBuildConfiguration;
			baseConfigurationReference = 2B9808C17866B8DA5EA1E5BB /* Pods.debug.xcconfig */;
			buildSettings = {
				ASSETCATALOG_COMPILER_APPICON_NAME = AppIcon;
				CODE_SIGN_IDENTITY = "iPhone Developer";
				"CODE_SIGN_IDENTITY[sdk=iphoneos*]" = "iPhone Developer";
				INFOPLIST_FILE = kidsvids/Info.plist;
				LD_RUNPATH_SEARCH_PATHS = "$(inherited) @executable_path/Frameworks";
				PRODUCT_NAME = "$(TARGET_NAME)";
				PROVISIONING_PROFILE = "";
				SWIFT_OBJC_BRIDGING_HEADER = ./kidsvids/bridge.h;
			};
			name = Debug;
		};
		C53245E61AC95DE100390D2B /* Release */ = {
			isa = XCBuildConfiguration;
			baseConfigurationReference = 7ECD9BA60AD16F692717872B /* Pods.release.xcconfig */;
			buildSettings = {
				ASSETCATALOG_COMPILER_APPICON_NAME = AppIcon;
				CODE_SIGN_IDENTITY = "iPhone Developer";
				"CODE_SIGN_IDENTITY[sdk=iphoneos*]" = "iPhone Developer";
				INFOPLIST_FILE = kidsvids/Info.plist;
				LD_RUNPATH_SEARCH_PATHS = "$(inherited) @executable_path/Frameworks";
				PRODUCT_NAME = "$(TARGET_NAME)";
				PROVISIONING_PROFILE = "";
				SWIFT_OBJC_BRIDGING_HEADER = ./kidsvids/bridge.h;
			};
			name = Release;
		};
		C53245E81AC95DE100390D2B /* Debug */ = {
			isa = XCBuildConfiguration;
			buildSettings = {
				BUNDLE_LOADER = "$(TEST_HOST)";
				FRAMEWORK_SEARCH_PATHS = (
					"$(SDKROOT)/Developer/Library/Frameworks",
					"$(inherited)",
				);
				GCC_PREPROCESSOR_DEFINITIONS = (
					"DEBUG=1",
					"$(inherited)",
				);
				INFOPLIST_FILE = kidsvidsTests/Info.plist;
				LD_RUNPATH_SEARCH_PATHS = "$(inherited) @executable_path/Frameworks @loader_path/Frameworks";
				PRODUCT_NAME = "$(TARGET_NAME)";
				TEST_HOST = "$(BUILT_PRODUCTS_DIR)/kidsvids.app/kidsvids";
			};
			name = Debug;
		};
		C53245E91AC95DE100390D2B /* Release */ = {
			isa = XCBuildConfiguration;
			buildSettings = {
				BUNDLE_LOADER = "$(TEST_HOST)";
				FRAMEWORK_SEARCH_PATHS = (
					"$(SDKROOT)/Developer/Library/Frameworks",
					"$(inherited)",
				);
				INFOPLIST_FILE = kidsvidsTests/Info.plist;
				LD_RUNPATH_SEARCH_PATHS = "$(inherited) @executable_path/Frameworks @loader_path/Frameworks";
				PRODUCT_NAME = "$(TARGET_NAME)";
				TEST_HOST = "$(BUILT_PRODUCTS_DIR)/kidsvids.app/kidsvids";
			};
			name = Release;
		};
/* End XCBuildConfiguration section */

/* Begin XCConfigurationList section */
		C53245C01AC95DE000390D2B /* Build configuration list for PBXProject "kidsvids" */ = {
			isa = XCConfigurationList;
			buildConfigurations = (
				C53245E21AC95DE100390D2B /* Debug */,
				C53245E31AC95DE100390D2B /* Release */,
			);
			defaultConfigurationIsVisible = 0;
			defaultConfigurationName = Release;
		};
		C53245E41AC95DE100390D2B /* Build configuration list for PBXNativeTarget "kidsvids" */ = {
			isa = XCConfigurationList;
			buildConfigurations = (
				C53245E51AC95DE100390D2B /* Debug */,
				C53245E61AC95DE100390D2B /* Release */,
			);
			defaultConfigurationIsVisible = 0;
			defaultConfigurationName = Release;
		};
		C53245E71AC95DE100390D2B /* Build configuration list for PBXNativeTarget "kidsvidsTests" */ = {
			isa = XCConfigurationList;
			buildConfigurations = (
				C53245E81AC95DE100390D2B /* Debug */,
				C53245E91AC95DE100390D2B /* Release */,
			);
			defaultConfigurationIsVisible = 0;
			defaultConfigurationName = Release;
		};
/* End XCConfigurationList section */
	};
	rootObject = C53245BD1AC95DE000390D2B /* Project object */;
}
